
Microsoft Visual Studio Solution File, Format Version 12.00
# Visual Studio Version 16
VisualStudioVersion = 16.0.30204.135
MinimumVisualStudioVersion = 10.0.40219.1
Project("{FAE04EC0-301F-11D3-BF4B-00C04F79EFBC}") = "assignment_1", "assignment_1.csproj", "{46741C88-01D1-46F8-9BB8-EDD747B4FCDA}"
EndProject
Global
	GlobalSection(SolutionConfigurationPlatforms) = preSolution
		Debug|Any CPU = Debug|Any CPU
		Release|Any CPU = Release|Any CPU
	EndGlobalSection
	GlobalSection(ProjectConfigurationPlatforms) = postSolution
		{46741C88-01D1-46F8-9BB8-EDD747B4FCDA}.Debug|Any CPU.ActiveCfg = Debug|Any CPU
		{46741C88-01D1-46F8-9BB8-EDD747B4FCDA}.Debug|Any CPU.Build.0 = Debug|Any CPU
		{46741C88-01D1-46F8-9BB8-EDD747B4FCDA}.Release|Any CPU.ActiveCfg = Release|Any CPU
		{46741C88-01D1-46F8-9BB8-EDD747B4FCDA}.Release|Any CPU.Build.0 = Release|Any CPU
	EndGlobalSection
	GlobalSection(SolutionProperties) = preSolution
		HideSolutionNode = FALSE
	EndGlobalSection
	GlobalSection(ExtensibilityGlobals) = postSolution
		SolutionGuid = {38EE9766-0D62-4A05-9695-009E4EEAA045}
	EndGlobalSection
EndGlobal
