
Microsoft Visual Studio Solution File, Format Version 12.00
# Visual Studio Version 16
VisualStudioVersion = 16.0.30523.141
MinimumVisualStudioVersion = 10.0.40219.1
Project("{FAE04EC0-301F-11D3-BF4B-00C04F79EFBC}") = "Assignment3_integration", "Assignment3_integration.csproj", "{26C73B3C-0AE9-4C90-B78F-06B6138323D6}"
EndProject
Global
	GlobalSection(SolutionConfigurationPlatforms) = preSolution
		Debug|Any CPU = Debug|Any CPU
		Release|Any CPU = Release|Any CPU
	EndGlobalSection
	GlobalSection(ProjectConfigurationPlatforms) = postSolution
		{26C73B3C-0AE9-4C90-B78F-06B6138323D6}.Debug|Any CPU.ActiveCfg = Debug|Any CPU
		{26C73B3C-0AE9-4C90-B78F-06B6138323D6}.Debug|Any CPU.Build.0 = Debug|Any CPU
		{26C73B3C-0AE9-4C90-B78F-06B6138323D6}.Release|Any CPU.ActiveCfg = Release|Any CPU
		{26C73B3C-0AE9-4C90-B78F-06B6138323D6}.Release|Any CPU.Build.0 = Release|Any CPU
	EndGlobalSection
	GlobalSection(SolutionProperties) = preSolution
		HideSolutionNode = FALSE
	EndGlobalSection
	GlobalSection(ExtensibilityGlobals) = postSolution
		SolutionGuid = {D0F3526C-CDC8-4FC7-9F5C-7D9163455202}
	EndGlobalSection
EndGlobal
